
Microsoft Visual Studio Solution File, Format Version 12.00
# Visual Studio Version 17
VisualStudioVersion = 17.4.33403.182
MinimumVisualStudioVersion = 10.0.40219.1
Project("{FAE04EC0-301F-11D3-BF4B-00C04F79EFBC}") = "ConsoleApp1", "ConsoleApp1\ConsoleApp1.csproj", "{F6B30773-FD2B-45E9-BF9F-3C3348623570}"
EndProject
Global
	GlobalSection(SolutionConfigurationPlatforms) = preSolution
		Debug|Any CPU = Debug|Any CPU
		Release|Any CPU = Release|Any CPU
	EndGlobalSection
	GlobalSection(ProjectConfigurationPlatforms) = postSolution
		{F6B30773-FD2B-45E9-BF9F-3C3348623570}.Debug|Any CPU.ActiveCfg = Debug|Any CPU
		{F6B30773-FD2B-45E9-BF9F-3C3348623570}.Debug|Any CPU.Build.0 = Debug|Any CPU
		{F6B30773-FD2B-45E9-BF9F-3C3348623570}.Release|Any CPU.ActiveCfg = Release|Any CPU
		{F6B30773-FD2B-45E9-BF9F-3C3348623570}.Release|Any CPU.Build.0 = Release|Any CPU
	EndGlobalSection
	GlobalSection(SolutionProperties) = preSolution
		HideSolutionNode = FALSE
	EndGlobalSection
	GlobalSection(ExtensibilityGlobals) = postSolution
		SolutionGuid = {0737A960-8806-4049-A0D0-534DDC9EB296}
	EndGlobalSection
EndGlobal
